
Microsoft Visual Studio Solution File, Format Version 12.00
# Visual Studio Version 16
VisualStudioVersion = 16.0.35731.53
MinimumVisualStudioVersion = 10.0.40219.1
Project("{FAE04EC0-301F-11D3-BF4B-00C04F79EFBC}") = "OOP_CSharp", "OOP_CSharp\OOP_CSharp.csproj", "{1EA66955-432D-408F-8735-98273A7DDCC4}"
EndProject
Global
	GlobalSection(SolutionConfigurationPlatforms) = preSolution
		Debug|Any CPU = Debug|Any CPU
		Release|Any CPU = Release|Any CPU
	EndGlobalSection
	GlobalSection(ProjectConfigurationPlatforms) = postSolution
		{1EA66955-432D-408F-8735-98273A7DDCC4}.Debug|Any CPU.ActiveCfg = Debug|Any CPU
		{1EA66955-432D-408F-8735-98273A7DDCC4}.Debug|Any CPU.Build.0 = Debug|Any CPU
		{1EA66955-432D-408F-8735-98273A7DDCC4}.Release|Any CPU.ActiveCfg = Release|Any CPU
		{1EA66955-432D-408F-8735-98273A7DDCC4}.Release|Any CPU.Build.0 = Release|Any CPU
	EndGlobalSection
	GlobalSection(SolutionProperties) = preSolution
		HideSolutionNode = FALSE
	EndGlobalSection
	GlobalSection(ExtensibilityGlobals) = postSolution
		SolutionGuid = {4E77ABEE-D407-4966-A52A-EA628AC9DDF7}
	EndGlobalSection
EndGlobal
